
Microsoft Visual Studio Solution File, Format Version 12.00
# Visual Studio Version 16
VisualStudioVersion = 16.0.29806.167
MinimumVisualStudioVersion = 10.0.40219.1
Project("{9A19103F-16F7-4668-BE54-9A1E7A4F7556}") = "ExtendedControls", "ExtendedControls\ExtendedControls.csproj", "{2049403F-F4C7-45E6-B777-6390C78E4D2B}"
EndProject
Project("{9A19103F-16F7-4668-BE54-9A1E7A4F7556}") = "BaseUtils", "BaseUtilities\BaseUtilities\BaseUtils.csproj", "{C657C881-F3E1-45BA-ACA5-966348010414}"
EndProject
Project("{9A19103F-16F7-4668-BE54-9A1E7A4F7556}") = "TestForms", "TestExtendedControls\TestForms.csproj", "{00AA0CC9-BF55-4051-B6CD-849526AE8FAA}"
EndProject
Project("{9A19103F-16F7-4668-BE54-9A1E7A4F7556}") = "ExtendedForms", "ExtendedForms\ExtendedForms.csproj", "{298C11C9-B58F-415C-8458-1CAE3C6CAB62}"
EndProject
Project("{9A19103F-16F7-4668-BE54-9A1E7A4F7556}") = "Audio", "BaseUtilities\Audio\Audio.csproj", "{59F99A05-CE16-4FB8-BE99-F1A24F019CB8}"
EndProject
Project("{9A19103F-16F7-4668-BE54-9A1E7A4F7556}") = "BaseUtils.WinForms", "BaseUtilities\BaseUtils.WinForms\BaseUtils.WinForms.csproj", "{61AFEA77-0276-4DCF-983F-589E6AF31258}"
EndProject
Project("{9A19103F-16F7-4668-BE54-9A1E7A4F7556}") = "Audio.CSCore", "BaseUtilities\Audio.CSCore\Audio.CSCore.csproj", "{7D5D2699-C1A5-44FC-96EC-8BF8DF0FEBB5}"
EndProject
Project("{9A19103F-16F7-4668-BE54-9A1E7A4F7556}") = "Audio.WindowsSpeech", "BaseUtilities\Audio.WindowsSpeech\Audio.WindowsSpeech.csproj", "{801BC47F-673E-4301-AF45-0087358E3292}"
EndProject
Global
	GlobalSection(SolutionConfigurationPlatforms) = preSolution
		Debug|Any CPU = Debug|Any CPU
		Release|Any CPU = Release|Any CPU
	EndGlobalSection
	GlobalSection(ProjectConfigurationPlatforms) = postSolution
		{2049403F-F4C7-45E6-B777-6390C78E4D2B}.Debug|Any CPU.ActiveCfg = Debug|Any CPU
		{2049403F-F4C7-45E6-B777-6390C78E4D2B}.Debug|Any CPU.Build.0 = Debug|Any CPU
		{2049403F-F4C7-45E6-B777-6390C78E4D2B}.Release|Any CPU.ActiveCfg = Release|Any CPU
		{2049403F-F4C7-45E6-B777-6390C78E4D2B}.Release|Any CPU.Build.0 = Release|Any CPU
		{C657C881-F3E1-45BA-ACA5-966348010414}.Debug|Any CPU.ActiveCfg = Debug|Any CPU
		{C657C881-F3E1-45BA-ACA5-966348010414}.Debug|Any CPU.Build.0 = Debug|Any CPU
		{C657C881-F3E1-45BA-ACA5-966348010414}.Release|Any CPU.ActiveCfg = Release|Any CPU
		{C657C881-F3E1-45BA-ACA5-966348010414}.Release|Any CPU.Build.0 = Release|Any CPU
		{00AA0CC9-BF55-4051-B6CD-849526AE8FAA}.Debug|Any CPU.ActiveCfg = Debug|Any CPU
		{00AA0CC9-BF55-4051-B6CD-849526AE8FAA}.Debug|Any CPU.Build.0 = Debug|Any CPU
		{00AA0CC9-BF55-4051-B6CD-849526AE8FAA}.Release|Any CPU.ActiveCfg = Release|Any CPU
		{00AA0CC9-BF55-4051-B6CD-849526AE8FAA}.Release|Any CPU.Build.0 = Release|Any CPU
		{298C11C9-B58F-415C-8458-1CAE3C6CAB62}.Debug|Any CPU.ActiveCfg = Debug|Any CPU
		{298C11C9-B58F-415C-8458-1CAE3C6CAB62}.Debug|Any CPU.Build.0 = Debug|Any CPU
		{298C11C9-B58F-415C-8458-1CAE3C6CAB62}.Release|Any CPU.ActiveCfg = Release|Any CPU
		{298C11C9-B58F-415C-8458-1CAE3C6CAB62}.Release|Any CPU.Build.0 = Release|Any CPU
		{59F99A05-CE16-4FB8-BE99-F1A24F019CB8}.Debug|Any CPU.ActiveCfg = Debug|Any CPU
		{59F99A05-CE16-4FB8-BE99-F1A24F019CB8}.Debug|Any CPU.Build.0 = Debug|Any CPU
		{59F99A05-CE16-4FB8-BE99-F1A24F019CB8}.Release|Any CPU.ActiveCfg = Release|Any CPU
		{59F99A05-CE16-4FB8-BE99-F1A24F019CB8}.Release|Any CPU.Build.0 = Release|Any CPU
		{61AFEA77-0276-4DCF-983F-589E6AF31258}.Debug|Any CPU.ActiveCfg = Debug|Any CPU
		{61AFEA77-0276-4DCF-983F-589E6AF31258}.Debug|Any CPU.Build.0 = Debug|Any CPU
		{61AFEA77-0276-4DCF-983F-589E6AF31258}.Release|Any CPU.ActiveCfg = Release|Any CPU
		{61AFEA77-0276-4DCF-983F-589E6AF31258}.Release|Any CPU.Build.0 = Release|Any CPU
		{7D5D2699-C1A5-44FC-96EC-8BF8DF0FEBB5}.Debug|Any CPU.ActiveCfg = Debug|Any CPU
		{7D5D2699-C1A5-44FC-96EC-8BF8DF0FEBB5}.Debug|Any CPU.Build.0 = Debug|Any CPU
		{7D5D2699-C1A5-44FC-96EC-8BF8DF0FEBB5}.Release|Any CPU.ActiveCfg = Release|Any CPU
		{7D5D2699-C1A5-44FC-96EC-8BF8DF0FEBB5}.Release|Any CPU.Build.0 = Release|Any CPU
		{801BC47F-673E-4301-AF45-0087358E3292}.Debug|Any CPU.ActiveCfg = Debug|Any CPU
		{801BC47F-673E-4301-AF45-0087358E3292}.Debug|Any CPU.Build.0 = Debug|Any CPU
		{801BC47F-673E-4301-AF45-0087358E3292}.Release|Any CPU.ActiveCfg = Release|Any CPU
		{801BC47F-673E-4301-AF45-0087358E3292}.Release|Any CPU.Build.0 = Release|Any CPU
	EndGlobalSection
	GlobalSection(SolutionProperties) = preSolution
		HideSolutionNode = FALSE
	EndGlobalSection
	GlobalSection(ExtensibilityGlobals) = postSolution
		SolutionGuid = {1A5EB480-3499-4EF3-98C4-168D699ACDCB}
	EndGlobalSection
EndGlobal
